
Microsoft Visual Studio Solution File, Format Version 12.00
# Visual Studio Version 16
VisualStudioVersion = 16.0.31702.278
MinimumVisualStudioVersion = 10.0.40219.1
Project("{FAE04EC0-301F-11D3-BF4B-00C04F79EFBC}") = "3.-Factorial de un Número n", "3.-Factorial de un Número n\3.-Factorial de un Número n.csproj", "{DDB62AFC-DB49-4990-8D4B-E019870F2362}"
EndProject
Global
	GlobalSection(SolutionConfigurationPlatforms) = preSolution
		Debug|Any CPU = Debug|Any CPU
		Release|Any CPU = Release|Any CPU
	EndGlobalSection
	GlobalSection(ProjectConfigurationPlatforms) = postSolution
		{DDB62AFC-DB49-4990-8D4B-E019870F2362}.Debug|Any CPU.ActiveCfg = Debug|Any CPU
		{DDB62AFC-DB49-4990-8D4B-E019870F2362}.Debug|Any CPU.Build.0 = Debug|Any CPU
		{DDB62AFC-DB49-4990-8D4B-E019870F2362}.Release|Any CPU.ActiveCfg = Release|Any CPU
		{DDB62AFC-DB49-4990-8D4B-E019870F2362}.Release|Any CPU.Build.0 = Release|Any CPU
	EndGlobalSection
	GlobalSection(SolutionProperties) = preSolution
		HideSolutionNode = FALSE
	EndGlobalSection
	GlobalSection(ExtensibilityGlobals) = postSolution
		SolutionGuid = {F93DF6DA-0040-4C3B-8195-4423C90226B0}
	EndGlobalSection
EndGlobal
