
Microsoft Visual Studio Solution File, Format Version 12.00
# Visual Studio Version 16
VisualStudioVersion = 16.0.31702.278
MinimumVisualStudioVersion = 10.0.40219.1
Project("{FAE04EC0-301F-11D3-BF4B-00C04F79EFBC}") = "11.1.-POO Cinemática", "11.1.-POO Cinemática\11.1.-POO Cinemática.csproj", "{18F1C5EB-090B-457D-A828-102161AE6632}"
EndProject
Global
	GlobalSection(SolutionConfigurationPlatforms) = preSolution
		Debug|Any CPU = Debug|Any CPU
		Release|Any CPU = Release|Any CPU
	EndGlobalSection
	GlobalSection(ProjectConfigurationPlatforms) = postSolution
		{18F1C5EB-090B-457D-A828-102161AE6632}.Debug|Any CPU.ActiveCfg = Debug|Any CPU
		{18F1C5EB-090B-457D-A828-102161AE6632}.Debug|Any CPU.Build.0 = Debug|Any CPU
		{18F1C5EB-090B-457D-A828-102161AE6632}.Release|Any CPU.ActiveCfg = Release|Any CPU
		{18F1C5EB-090B-457D-A828-102161AE6632}.Release|Any CPU.Build.0 = Release|Any CPU
	EndGlobalSection
	GlobalSection(SolutionProperties) = preSolution
		HideSolutionNode = FALSE
	EndGlobalSection
	GlobalSection(ExtensibilityGlobals) = postSolution
		SolutionGuid = {721381E1-066E-4525-B230-0A454E48E348}
	EndGlobalSection
EndGlobal
